
Microsoft Visual Studio Solution File, Format Version 12.00
# Visual Studio 14
VisualStudioVersion = 14.0.25420.1
MinimumVisualStudioVersion = 10.0.40219.1
Project("{FAE04EC0-301F-11D3-BF4B-00C04F79EFBC}") = "FilmsApp.Web", "FilmsApp\FilmsApp.Web.csproj", "{64D66664-FA6B-4C6A-B84A-05F38D044D32}"
EndProject
Project("{FAE04EC0-301F-11D3-BF4B-00C04F79EFBC}") = "FilmsApp.DAL", "FilmsApp.DAL\FilmsApp.DAL.csproj", "{6C7B3CC5-A1CA-4539-B7AF-6810DEF96B9F}"
EndProject
Global
	GlobalSection(SolutionConfigurationPlatforms) = preSolution
		Debug|Any CPU = Debug|Any CPU
		Release|Any CPU = Release|Any CPU
	EndGlobalSection
	GlobalSection(ProjectConfigurationPlatforms) = postSolution
		{64D66664-FA6B-4C6A-B84A-05F38D044D32}.Debug|Any CPU.ActiveCfg = Debug|Any CPU
		{64D66664-FA6B-4C6A-B84A-05F38D044D32}.Debug|Any CPU.Build.0 = Debug|Any CPU
		{64D66664-FA6B-4C6A-B84A-05F38D044D32}.Release|Any CPU.ActiveCfg = Release|Any CPU
		{64D66664-FA6B-4C6A-B84A-05F38D044D32}.Release|Any CPU.Build.0 = Release|Any CPU
		{6C7B3CC5-A1CA-4539-B7AF-6810DEF96B9F}.Debug|Any CPU.ActiveCfg = Debug|Any CPU
		{6C7B3CC5-A1CA-4539-B7AF-6810DEF96B9F}.Debug|Any CPU.Build.0 = Debug|Any CPU
		{6C7B3CC5-A1CA-4539-B7AF-6810DEF96B9F}.Release|Any CPU.ActiveCfg = Release|Any CPU
		{6C7B3CC5-A1CA-4539-B7AF-6810DEF96B9F}.Release|Any CPU.Build.0 = Release|Any CPU
	EndGlobalSection
	GlobalSection(SolutionProperties) = preSolution
		HideSolutionNode = FALSE
	EndGlobalSection
EndGlobal
